
Microsoft Visual Studio Solution File, Format Version 12.00
# Visual Studio Version 16
VisualStudioVersion = 16.0.30225.117
MinimumVisualStudioVersion = 10.0.40219.1
Project("{FAE04EC0-301F-11D3-BF4B-00C04F79EFBC}") = "MeasureAndChangeFontWidth", "MeasureAndChangeFontWidth.csproj", "{00748B5A-652F-4479-8805-1548333ACFAA}"
EndProject
Global
	GlobalSection(SolutionConfigurationPlatforms) = preSolution
		Debug|Any CPU = Debug|Any CPU
		Release|Any CPU = Release|Any CPU
	EndGlobalSection
	GlobalSection(ProjectConfigurationPlatforms) = postSolution
		{00748B5A-652F-4479-8805-1548333ACFAA}.Debug|Any CPU.ActiveCfg = Debug|Any CPU
		{00748B5A-652F-4479-8805-1548333ACFAA}.Debug|Any CPU.Build.0 = Debug|Any CPU
		{00748B5A-652F-4479-8805-1548333ACFAA}.Release|Any CPU.ActiveCfg = Release|Any CPU
		{00748B5A-652F-4479-8805-1548333ACFAA}.Release|Any CPU.Build.0 = Release|Any CPU
	EndGlobalSection
	GlobalSection(SolutionProperties) = preSolution
		HideSolutionNode = FALSE
	EndGlobalSection
	GlobalSection(ExtensibilityGlobals) = postSolution
		SolutionGuid = {801F1C5F-507D-4BEC-B68B-2FDD4710089C}
	EndGlobalSection
EndGlobal
